// !$*UTF8*$!
{
	archiveVersion = 1;
	classes = {
	};
	objectVersion = 77;
	objects = {

/* Begin PBXContainerItemProxy section */
		C7106D322D116F8B0098AE92 /* PBXContainerItemProxy */ = {
			isa = PBXContainerItemProxy;
			containerPortal = C7106D132D116F8A0098AE92 /* Project object */;
			proxyType = 1;
			remoteGlobalIDString = C7106D1A2D116F8A0098AE92;
			remoteInfo = SpaceXplorer;
		};
		C7106D3C2D116F8B0098AE92 /* PBXContainerItemProxy */ = {
			isa = PBXContainerItemProxy;
			containerPortal = C7106D132D116F8A0098AE92 /* Project object */;
			proxyType = 1;
			remoteGlobalIDString = C7106D1A2D116F8A0098AE92;
			remoteInfo = SpaceXplorer;
		};
/* End PBXContainerItemProxy section */

/* Begin PBXFileReference section */
		C7106D1B2D116F8A0098AE92 /* SpaceXplorer.app */ = {isa = PBXFileReference; explicitFileType = wrapper.application; includeInIndex = 0; path = SpaceXplorer.app; sourceTree = BUILT_PRODUCTS_DIR; };
		C7106D312D116F8B0098AE92 /* SpaceXplorerTests.xctest */ = {isa = PBXFileReference; explicitFileType = wrapper.cfbundle; includeInIndex = 0; path = SpaceXplorerTests.xctest; sourceTree = BUILT_PRODUCTS_DIR; };
		C7106D3B2D116F8B0098AE92 /* SpaceXplorerUITests.xctest */ = {isa = PBXFileReference; explicitFileType = wrapper.cfbundle; includeInIndex = 0; path = SpaceXplorerUITests.xctest; sourceTree = BUILT_PRODUCTS_DIR; };
/* End PBXFileReference section */

/* Begin PBXFileSystemSynchronizedBuildFileExceptionSet section */
		C7106D432D116F8B0098AE92 /* Exceptions for "SpaceXplorer" folder in "SpaceXplorer" target */ = {
			isa = PBXFileSystemSynchronizedBuildFileExceptionSet;
			membershipExceptions = (
				Info.plist,
			);
			target = C7106D1A2D116F8A0098AE92 /* SpaceXplorer */;
		};
/* End PBXFileSystemSynchronizedBuildFileExceptionSet section */

/* Begin PBXFileSystemSynchronizedRootGroup section */
		C7106D1D2D116F8A0098AE92 /* SpaceXplorer */ = {
			isa = PBXFileSystemSynchronizedRootGroup;
			exceptions = (
				C7106D432D116F8B0098AE92 /* Exceptions for "SpaceXplorer" folder in "SpaceXplorer" target */,
			);
			path = SpaceXplorer;
			sourceTree = "<group>";
		};
		C7106D342D116F8B0098AE92 /* SpaceXplorerTests */ = {
			isa = PBXFileSystemSynchronizedRootGroup;
			path = SpaceXplorerTests;
			sourceTree = "<group>";
		};
		C7106D3E2D116F8B0098AE92 /* SpaceXplorerUITests */ = {
			isa = PBXFileSystemSynchronizedRootGroup;
			path = SpaceXplorerUITests;
			sourceTree = "<group>";
		};
/* End PBXFileSystemSynchronizedRootGroup section */

/* Begin PBXFrameworksBuildPhase section */
		C7106D182D116F8A0098AE92 /* Frameworks */ = {
			isa = PBXFrameworksBuildPhase;
			buildActionMask = 2147483647;
			files = (
			);
			runOnlyForDeploymentPostprocessing = 0;
		};
		C7106D2E2D116F8B0098AE92 /* Frameworks */ = {
			isa = PBXFrameworksBuildPhase;
			buildActionMask = 2147483647;
			files = (
			);
			runOnlyForDeploymentPostprocessing = 0;
		};
		C7106D382D116F8B0098AE92 /* Frameworks */ = {
			isa = PBXFrameworksBuildPhase;
			buildActionMask = 2147483647;
			files = (
			);
			runOnlyForDeploymentPostprocessing = 0;
		};
/* End PBXFrameworksBuildPhase section */

/* Begin PBXGroup section */
		C7106D122D116F8A0098AE92 = {
			isa = PBXGroup;
			children = (
				C7106D1D2D116F8A0098AE92 /* SpaceXplorer */,
				C7106D342D116F8B0098AE92 /* SpaceXplorerTests */,
				C7106D3E2D116F8B0098AE92 /* SpaceXplorerUITests */,
				C7106D1C2D116F8A0098AE92 /* Products */,
			);
			sourceTree = "<group>";
		};
		C7106D1C2D116F8A0098AE92 /* Products */ = {
			isa = PBXGroup;
			children = (
				C7106D1B2D116F8A0098AE92 /* SpaceXplorer.app */,
				C7106D312D116F8B0098AE92 /* SpaceXplorerTests.xctest */,
				C7106D3B2D116F8B0098AE92 /* SpaceXplorerUITests.xctest */,
			);
			name = Products;
			sourceTree = "<group>";
		};
/* End PBXGroup section */

/* Begin PBXNativeTarget section */
		C7106D1A2D116F8A0098AE92 /* SpaceXplorer */ = {
			isa = PBXNativeTarget;
			buildConfigurationList = C7106D442D116F8B0098AE92 /* Build configuration list for PBXNativeTarget "SpaceXplorer" */;
			buildPhases = (
				C7106D172D116F8A0098AE92 /* Sources */,
				C7106D182D116F8A0098AE92 /* Frameworks */,
				C7106D192D116F8A0098AE92 /* Resources */,
			);
			buildRules = (
			);
			dependencies = (
			);
			fileSystemSynchronizedGroups = (
				C7106D1D2D116F8A0098AE92 /* SpaceXplorer */,
			);
			name = SpaceXplorer;
			packageProductDependencies = (
			);
			productName = SpaceXplorer;
			productReference = C7106D1B2D116F8A0098AE92 /* SpaceXplorer.app */;
			productType = "com.apple.product-type.application";
		};
		C7106D302D116F8B0098AE92 /* SpaceXplorerTests */ = {
			isa = PBXNativeTarget;
			buildConfigurationList = C7106D492D116F8B0098AE92 /* Build configuration list for PBXNativeTarget "SpaceXplorerTests" */;
			buildPhases = (
				C7106D2D2D116F8B0098AE92 /* Sources */,
				C7106D2E2D116F8B0098AE92 /* Frameworks */,
				C7106D2F2D116F8B0098AE92 /* Resources */,
			);
			buildRules = (
			);
			dependencies = (
				C7106D332D116F8B0098AE92 /* PBXTargetDependency */,
			);
			fileSystemSynchronizedGroups = (
				C7106D342D116F8B0098AE92 /* SpaceXplorerTests */,
			);
			name = SpaceXplorerTests;
			packageProductDependencies = (
			);
			productName = SpaceXplorerTests;
			productReference = C7106D312D116F8B0098AE92 /* SpaceXplorerTests.xctest */;
			productType = "com.apple.product-type.bundle.unit-test";
		};
		C7106D3A2D116F8B0098AE92 /* SpaceXplorerUITests */ = {
			isa = PBXNativeTarget;
			buildConfigurationList = C7106D4C2D116F8B0098AE92 /* Build configuration list for PBXNativeTarget "SpaceXplorerUITests" */;
			buildPhases = (
				C7106D372D116F8B0098AE92 /* Sources */,
				C7106D382D116F8B0098AE92 /* Frameworks */,
				C7106D392D116F8B0098AE92 /* Resources */,
			);
			buildRules = (
			);
			dependencies = (
				C7106D3D2D116F8B0098AE92 /* PBXTargetDependency */,
			);
			fileSystemSynchronizedGroups = (
				C7106D3E2D116F8B0098AE92 /* SpaceXplorerUITests */,
			);
			name = SpaceXplorerUITests;
			packageProductDependencies = (
			);
			productName = SpaceXplorerUITests;
			productReference = C7106D3B2D116F8B0098AE92 /* SpaceXplorerUITests.xctest */;
			productType = "com.apple.product-type.bundle.ui-testing";
		};
/* End PBXNativeTarget section */

/* Begin PBXProject section */
		C7106D132D116F8A0098AE92 /* Project object */ = {
			isa = PBXProject;
			attributes = {
				BuildIndependentTargetsInParallel = 1;
				LastSwiftUpdateCheck = 1620;
				LastUpgradeCheck = 1620;
				TargetAttributes = {
					C7106D1A2D116F8A0098AE92 = {
						CreatedOnToolsVersion = 16.2;
					};
					C7106D302D116F8B0098AE92 = {
						CreatedOnToolsVersion = 16.2;
						TestTargetID = C7106D1A2D116F8A0098AE92;
					};
					C7106D3A2D116F8B0098AE92 = {
						CreatedOnToolsVersion = 16.2;
						TestTargetID = C7106D1A2D116F8A0098AE92;
					};
				};
			};
			buildConfigurationList = C7106D162D116F8A0098AE92 /* Build configuration list for PBXProject "SpaceXplorer" */;
			developmentRegion = en;
			hasScannedForEncodings = 0;
			knownRegions = (
				en,
				Base,
			);
			mainGroup = C7106D122D116F8A0098AE92;
			minimizedProjectReferenceProxies = 1;
			preferredProjectObjectVersion = 77;
			productRefGroup = C7106D1C2D116F8A0098AE92 /* Products */;
			projectDirPath = "";
			projectRoot = "";
			targets = (
				C7106D1A2D116F8A0098AE92 /* SpaceXplorer */,
				C7106D302D116F8B0098AE92 /* SpaceXplorerTests */,
				C7106D3A2D116F8B0098AE92 /* SpaceXplorerUITests */,
			);
		};
/* End PBXProject section */

/* Begin PBXResourcesBuildPhase section */
		C7106D192D116F8A0098AE92 /* Resources */ = {
			isa = PBXResourcesBuildPhase;
			buildActionMask = 2147483647;
			files = (
			);
			runOnlyForDeploymentPostprocessing = 0;
		};
		C7106D2F2D116F8B0098AE92 /* Resources */ = {
			isa = PBXResourcesBuildPhase;
			buildActionMask = 2147483647;
			files = (
			);
			runOnlyForDeploymentPostprocessing = 0;
		};
		C7106D392D116F8B0098AE92 /* Resources */ = {
			isa = PBXResourcesBuildPhase;
			buildActionMask = 2147483647;
			files = (
			);
			runOnlyForDeploymentPostprocessing = 0;
		};
/* End PBXResourcesBuildPhase section */

/* Begin PBXSourcesBuildPhase section */
		C7106D172D116F8A0098AE92 /* Sources */ = {
			isa = PBXSourcesBuildPhase;
			buildActionMask = 2147483647;
			files = (
			);
			runOnlyForDeploymentPostprocessing = 0;
		};
		C7106D2D2D116F8B0098AE92 /* Sources */ = {
			isa = PBXSourcesBuildPhase;
			buildActionMask = 2147483647;
			files = (
			);
			runOnlyForDeploymentPostprocessing = 0;
		};
		C7106D372D116F8B0098AE92 /* Sources */ = {
			isa = PBXSourcesBuildPhase;
			buildActionMask = 2147483647;
			files = (
			);
			runOnlyForDeploymentPostprocessing = 0;
		};
/* End PBXSourcesBuildPhase section */

/* Begin PBXTargetDependency section */
		C7106D332D116F8B0098AE92 /* PBXTargetDependency */ = {
			isa = PBXTargetDependency;
			target = C7106D1A2D116F8A0098AE92 /* SpaceXplorer */;
			targetProxy = C7106D322D116F8B0098AE92 /* PBXContainerItemProxy */;
		};
		C7106D3D2D116F8B0098AE92 /* PBXTargetDependency */ = {
			isa = PBXTargetDependency;
			target = C7106D1A2D116F8A0098AE92 /* SpaceXplorer */;
			targetProxy = C7106D3C2D116F8B0098AE92 /* PBXContainerItemProxy */;
		};
/* End PBXTargetDependency section */

/* Begin XCBuildConfiguration section */
		C7106D452D116F8B0098AE92 /* Debug */ = {
			isa = XCBuildConfiguration;
			buildSettings = {
				ASSETCATALOG_COMPILER_APPICON_NAME = AppIcon;
				ASSETCATALOG_COMPILER_GLOBAL_ACCENT_COLOR_NAME = AccentColor;
				CODE_SIGN_STYLE = Automatic;
				CURRENT_PROJECT_VERSION = 1;
				DEVELOPMENT_TEAM = 9BF3QTHJ36;
				GENERATE_INFOPLIST_FILE = YES;
				INFOPLIST_FILE = SpaceXplorer/Info.plist;
				INFOPLIST_KEY_UIApplicationSupportsIndirectInputEvents = YES;
				INFOPLIST_KEY_UILaunchStoryboardName = LaunchScreen;
				INFOPLIST_KEY_UIMainStoryboardFile = Main;
				INFOPLIST_KEY_UISupportedInterfaceOrientations_iPad = "UIInterfaceOrientationPortrait UIInterfaceOrientationPortraitUpsideDown UIInterfaceOrientationLandscapeLeft UIInterfaceOrientationLandscapeRight";
				INFOPLIST_KEY_UISupportedInterfaceOrientations_iPhone = "UIInterfaceOrientationPortrait UIInterfaceOrientationLandscapeLeft UIInterfaceOrientationLandscapeRight";
				IPHONEOS_DEPLOYMENT_TARGET = 17.6;
				LD_RUNPATH_SEARCH_PATHS = (
					"$(inherited)",
					"@executable_path/Frameworks",
				);
				MARKETING_VERSION = 1.0;
				PRODUCT_BUNDLE_IDENTIFIER = com.alin.SpaceXplorer;
				PRODUCT_NAME = "$(TARGET_NAME)";
				SWIFT_EMIT_LOC_STRINGS = YES;
				SWIFT_VERSION = 5.0;
				TARGETED_DEVICE_FAMILY = "1,2";
			};
			name = Debug;
		};
		C7106D462D116F8B0098AE92 /* Release */ = {
			isa = XCBuildConfiguration;
			buildSettings = {
				ASSETCATALOG_COMPILER_APPICON_NAME = AppIcon;
				ASSETCATALOG_COMPILER_GLOBAL_ACCENT_COLOR_NAME = AccentColor;
				CODE_SIGN_STYLE = Automatic;
				CURRENT_PROJECT_VERSION = 1;
				DEVELOPMENT_TEAM = 9BF3QTHJ36;
				GENERATE_INFOPLIST_FILE = YES;
				INFOPLIST_FILE = SpaceXplorer/Info.plist;
				INFOPLIST_KEY_UIApplicationSupportsIndirectInputEvents = YES;
				INFOPLIST_KEY_UILaunchStoryboardName = LaunchScreen;
				INFOPLIST_KEY_UIMainStoryboardFile = Main;
				INFOPLIST_KEY_UISupportedInterfaceOrientations_iPad = "UIInterfaceOrientationPortrait UIInterfaceOrientationPortraitUpsideDown UIInterfaceOrientationLandscapeLeft UIInterfaceOrientationLandscapeRight";
				INFOPLIST_KEY_UISupportedInterfaceOrientations_iPhone = "UIInterfaceOrientationPortrait UIInterfaceOrientationLandscapeLeft UIInterfaceOrientationLandscapeRight";
				IPHONEOS_DEPLOYMENT_TARGET = 17.6;
				LD_RUNPATH_SEARCH_PATHS = (
					"$(inherited)",
					"@executable_path/Frameworks",
				);
				MARKETING_VERSION = 1.0;
				PRODUCT_BUNDLE_IDENTIFIER = com.alin.SpaceXplorer;
				PRODUCT_NAME = "$(TARGET_NAME)";
				SWIFT_EMIT_LOC_STRINGS = YES;
				SWIFT_VERSION = 5.0;
				TARGETED_DEVICE_FAMILY = "1,2";
			};
			name = Release;
		};
		C7106D472D116F8B0098AE92 /* Debug */ = {
			isa = XCBuildConfiguration;
			buildSettings = {
				ALWAYS_SEARCH_USER_PATHS = NO;
				ASSETCATALOG_COMPILER_GENERATE_SWIFT_ASSET_SYMBOL_EXTENSIONS = YES;
				CLANG_ANALYZER_NONNULL = YES;
				CLANG_ANALYZER_NUMBER_OBJECT_CONVERSION = YES_AGGRESSIVE;
				CLANG_CXX_LANGUAGE_STANDARD = "gnu++20";
				CLANG_ENABLE_MODULES = YES;
				CLANG_ENABLE_OBJC_ARC = YES;
				CLANG_ENABLE_OBJC_WEAK = YES;
				CLANG_WARN_BLOCK_CAPTURE_AUTORELEASING = YES;
				CLANG_WARN_BOOL_CONVERSION = YES;
				CLANG_WARN_COMMA = YES;
				CLANG_WARN_CONSTANT_CONVERSION = YES;
				CLANG_WARN_DEPRECATED_OBJC_IMPLEMENTATIONS = YES;
				CLANG_WARN_DIRECT_OBJC_ISA_USAGE = YES_ERROR;
				CLANG_WARN_DOCUMENTATION_COMMENTS = YES;
				CLANG_WARN_EMPTY_BODY = YES;
				CLANG_WARN_ENUM_CONVERSION = YES;
				CLANG_WARN_INFINITE_RECURSION = YES;
				CLANG_WARN_INT_CONVERSION = YES;
				CLANG_WARN_NON_LITERAL_NULL_CONVERSION = YES;
				CLANG_WARN_OBJC_IMPLICIT_RETAIN_SELF = YES;
				CLANG_WARN_OBJC_LITERAL_CONVERSION = YES;
				CLANG_WARN_OBJC_ROOT_CLASS = YES_ERROR;
				CLANG_WARN_QUOTED_INCLUDE_IN_FRAMEWORK_HEADER = YES;
				CLANG_WARN_RANGE_LOOP_ANALYSIS = YES;
				CLANG_WARN_STRICT_PROTOTYPES = YES;
				CLANG_WARN_SUSPICIOUS_MOVE = YES;
				CLANG_WARN_UNGUARDED_AVAILABILITY = YES_AGGRESSIVE;
				CLANG_WARN_UNREACHABLE_CODE = YES;
				CLANG_WARN__DUPLICATE_METHOD_MATCH = YES;
				COPY_PHASE_STRIP = NO;
				DEBUG_INFORMATION_FORMAT = dwarf;
				ENABLE_STRICT_OBJC_MSGSEND = YES;
				ENABLE_TESTABILITY = YES;
				ENABLE_USER_SCRIPT_SANDBOXING = YES;
				GCC_C_LANGUAGE_STANDARD = gnu17;
				GCC_DYNAMIC_NO_PIC = NO;
				GCC_NO_COMMON_BLOCKS = YES;
				GCC_OPTIMIZATION_LEVEL = 0;
				GCC_PREPROCESSOR_DEFINITIONS = (
					"DEBUG=1",
					"$(inherited)",
				);
				GCC_WARN_64_TO_32_BIT_CONVERSION = YES;
				GCC_WARN_ABOUT_RETURN_TYPE = YES_ERROR;
				GCC_WARN_UNDECLARED_SELECTOR = YES;
				GCC_WARN_UNINITIALIZED_AUTOS = YES_AGGRESSIVE;
				GCC_WARN_UNUSED_FUNCTION = YES;
				GCC_WARN_UNUSED_VARIABLE = YES;
				IPHONEOS_DEPLOYMENT_TARGET = 18.2;
				LOCALIZATION_PREFERS_STRING_CATALOGS = YES;
				MTL_ENABLE_DEBUG_INFO = INCLUDE_SOURCE;
				MTL_FAST_MATH = YES;
				ONLY_ACTIVE_ARCH = YES;
				SDKROOT = iphoneos;
				SWIFT_ACTIVE_COMPILATION_CONDITIONS = "DEBUG $(inherited)";
				SWIFT_OPTIMIZATION_LEVEL = "-Onone";
			};
			name = Debug;
		};
		C7106D482D116F8B0098AE92 /* Release */ = {
			isa = XCBuildConfiguration;
			buildSettings = {
				ALWAYS_SEARCH_USER_PATHS = NO;
				ASSETCATALOG_COMPILER_GENERATE_SWIFT_ASSET_SYMBOL_EXTENSIONS = YES;
				CLANG_ANALYZER_NONNULL = YES;
				CLANG_ANALYZER_NUMBER_OBJECT_CONVERSION = YES_AGGRESSIVE;
				CLANG_CXX_LANGUAGE_STANDARD = "gnu++20";
				CLANG_ENABLE_MODULES = YES;
				CLANG_ENABLE_OBJC_ARC = YES;
				CLANG_ENABLE_OBJC_WEAK = YES;
				CLANG_WARN_BLOCK_CAPTURE_AUTORELEASING = YES;
				CLANG_WARN_BOOL_CONVERSION = YES;
				CLANG_WARN_COMMA = YES;
				CLANG_WARN_CONSTANT_CONVERSION = YES;
				CLANG_WARN_DEPRECATED_OBJC_IMPLEMENTATIONS = YES;
				CLANG_WARN_DIRECT_OBJC_ISA_USAGE = YES_ERROR;
				CLANG_WARN_DOCUMENTATION_COMMENTS = YES;
				CLANG_WARN_EMPTY_BODY = YES;
				CLANG_WARN_ENUM_CONVERSION = YES;
				CLANG_WARN_INFINITE_RECURSION = YES;
				CLANG_WARN_INT_CONVERSION = YES;
				CLANG_WARN_NON_LITERAL_NULL_CONVERSION = YES;
				CLANG_WARN_OBJC_IMPLICIT_RETAIN_SELF = YES;
				CLANG_WARN_OBJC_LITERAL_CONVERSION = YES;
				CLANG_WARN_OBJC_ROOT_CLASS = YES_ERROR;
				CLANG_WARN_QUOTED_INCLUDE_IN_FRAMEWORK_HEADER = YES;
				CLANG_WARN_RANGE_LOOP_ANALYSIS = YES;
				CLANG_WARN_STRICT_PROTOTYPES = YES;
				CLANG_WARN_SUSPICIOUS_MOVE = YES;
				CLANG_WARN_UNGUARDED_AVAILABILITY = YES_AGGRESSIVE;
				CLANG_WARN_UNREACHABLE_CODE = YES;
				CLANG_WARN__DUPLICATE_METHOD_MATCH = YES;
				COPY_PHASE_STRIP = NO;
				DEBUG_INFORMATION_FORMAT = "dwarf-with-dsym";
				ENABLE_NS_ASSERTIONS = NO;
				ENABLE_STRICT_OBJC_MSGSEND = YES;
				ENABLE_USER_SCRIPT_SANDBOXING = YES;
				GCC_C_LANGUAGE_STANDARD = gnu17;
				GCC_NO_COMMON_BLOCKS = YES;
				GCC_WARN_64_TO_32_BIT_CONVERSION = YES;
				GCC_WARN_ABOUT_RETURN_TYPE = YES_ERROR;
				GCC_WARN_UNDECLARED_SELECTOR = YES;
				GCC_WARN_UNINITIALIZED_AUTOS = YES_AGGRESSIVE;
				GCC_WARN_UNUSED_FUNCTION = YES;
				GCC_WARN_UNUSED_VARIABLE = YES;
				IPHONEOS_DEPLOYMENT_TARGET = 18.2;
				LOCALIZATION_PREFERS_STRING_CATALOGS = YES;
				MTL_ENABLE_DEBUG_INFO = NO;
				MTL_FAST_MATH = YES;
				SDKROOT = iphoneos;
				SWIFT_COMPILATION_MODE = wholemodule;
				VALIDATE_PRODUCT = YES;
			};
			name = Release;
		};
		C7106D4A2D116F8B0098AE92 /* Debug */ = {
			isa = XCBuildConfiguration;
			buildSettings = {
				BUNDLE_LOADER = "$(TEST_HOST)";
				CODE_SIGN_STYLE = Automatic;
				CURRENT_PROJECT_VERSION = 1;
				DEVELOPMENT_TEAM = 9BF3QTHJ36;
				GENERATE_INFOPLIST_FILE = YES;
				IPHONEOS_DEPLOYMENT_TARGET = 18.2;
				MARKETING_VERSION = 1.0;
				PRODUCT_BUNDLE_IDENTIFIER = com.alin.SpaceXplorerTests;
				PRODUCT_NAME = "$(TARGET_NAME)";
				SWIFT_EMIT_LOC_STRINGS = NO;
				SWIFT_VERSION = 5.0;
				TARGETED_DEVICE_FAMILY = "1,2";
				TEST_HOST = "$(BUILT_PRODUCTS_DIR)/SpaceXplorer.app/$(BUNDLE_EXECUTABLE_FOLDER_PATH)/SpaceXplorer";
			};
			name = Debug;
		};
		C7106D4B2D116F8B0098AE92 /* Release */ = {
			isa = XCBuildConfiguration;
			buildSettings = {
				BUNDLE_LOADER = "$(TEST_HOST)";
				CODE_SIGN_STYLE = Automatic;
				CURRENT_PROJECT_VERSION = 1;
				DEVELOPMENT_TEAM = 9BF3QTHJ36;
				GENERATE_INFOPLIST_FILE = YES;
				IPHONEOS_DEPLOYMENT_TARGET = 18.2;
				MARKETING_VERSION = 1.0;
				PRODUCT_BUNDLE_IDENTIFIER = com.alin.SpaceXplorerTests;
				PRODUCT_NAME = "$(TARGET_NAME)";
				SWIFT_EMIT_LOC_STRINGS = NO;
				SWIFT_VERSION = 5.0;
				TARGETED_DEVICE_FAMILY = "1,2";
				TEST_HOST = "$(BUILT_PRODUCTS_DIR)/SpaceXplorer.app/$(BUNDLE_EXECUTABLE_FOLDER_PATH)/SpaceXplorer";
			};
			name = Release;
		};
		C7106D4D2D116F8B0098AE92 /* Debug */ = {
			isa = XCBuildConfiguration;
			buildSettings = {
				CODE_SIGN_STYLE = Automatic;
				CURRENT_PROJECT_VERSION = 1;
				DEVELOPMENT_TEAM = 9BF3QTHJ36;
				GENERATE_INFOPLIST_FILE = YES;
				MARKETING_VERSION = 1.0;
				PRODUCT_BUNDLE_IDENTIFIER = com.alin.SpaceXplorerUITests;
				PRODUCT_NAME = "$(TARGET_NAME)";
				SWIFT_EMIT_LOC_STRINGS = NO;
				SWIFT_VERSION = 5.0;
				TARGETED_DEVICE_FAMILY = "1,2";
				TEST_TARGET_NAME = SpaceXplorer;
			};
			name = Debug;
		};
		C7106D4E2D116F8B0098AE92 /* Release */ = {
			isa = XCBuildConfiguration;
			buildSettings = {
				CODE_SIGN_STYLE = Automatic;
				CURRENT_PROJECT_VERSION = 1;
				DEVELOPMENT_TEAM = 9BF3QTHJ36;
				GENERATE_INFOPLIST_FILE = YES;
				MARKETING_VERSION = 1.0;
				PRODUCT_BUNDLE_IDENTIFIER = com.alin.SpaceXplorerUITests;
				PRODUCT_NAME = "$(TARGET_NAME)";
				SWIFT_EMIT_LOC_STRINGS = NO;
				SWIFT_VERSION = 5.0;
				TARGETED_DEVICE_FAMILY = "1,2";
				TEST_TARGET_NAME = SpaceXplorer;
			};
			name = Release;
		};
/* End XCBuildConfiguration section */

/* Begin XCConfigurationList section */
		C7106D162D116F8A0098AE92 /* Build configuration list for PBXProject "SpaceXplorer" */ = {
			isa = XCConfigurationList;
			buildConfigurations = (
				C7106D472D116F8B0098AE92 /* Debug */,
				C7106D482D116F8B0098AE92 /* Release */,
			);
			defaultConfigurationIsVisible = 0;
			defaultConfigurationName = Release;
		};
		C7106D442D116F8B0098AE92 /* Build configuration list for PBXNativeTarget "SpaceXplorer" */ = {
			isa = XCConfigurationList;
			buildConfigurations = (
				C7106D452D116F8B0098AE92 /* Debug */,
				C7106D462D116F8B0098AE92 /* Release */,
			);
			defaultConfigurationIsVisible = 0;
			defaultConfigurationName = Release;
		};
		C7106D492D116F8B0098AE92 /* Build configuration list for PBXNativeTarget "SpaceXplorerTests" */ = {
			isa = XCConfigurationList;
			buildConfigurations = (
				C7106D4A2D116F8B0098AE92 /* Debug */,
				C7106D4B2D116F8B0098AE92 /* Release */,
			);
			defaultConfigurationIsVisible = 0;
			defaultConfigurationName = Release;
		};
		C7106D4C2D116F8B0098AE92 /* Build configuration list for PBXNativeTarget "SpaceXplorerUITests" */ = {
			isa = XCConfigurationList;
			buildConfigurations = (
				C7106D4D2D116F8B0098AE92 /* Debug */,
				C7106D4E2D116F8B0098AE92 /* Release */,
			);
			defaultConfigurationIsVisible = 0;
			defaultConfigurationName = Release;
		};
/* End XCConfigurationList section */
	};
	rootObject = C7106D132D116F8A0098AE92 /* Project object */;
}
